{
  "name": "twitch-marb",
  "version": "1.0.0",
  "lockfileVersion": 1,
  "requires": true,
  "dependencies": {
    "lodash": {
      "version": "4.17.10",
      "resolved": "https://registry.npmjs.org/lodash/-/lodash-4.17.10.tgz",
      "integrity": "sha512-UejweD1pDoXu+AD825lWwp4ZGtSwgnpZxb3JDViD7StjQz+Nb/6l093lx4OQ0foGWNRoc19mWy7BzL+UAK2iVg=="
    },
    "twitch-bot": {
      "version": "1.2.5",
      "resolved": "https://registry.npmjs.org/twitch-bot/-/twitch-bot-1.2.5.tgz",
      "integrity": "sha512-cLsntXSMO7Eva0eoHf629qyM6wQWGZsAMZZdno3oaaqN7tXULmoX5z7fIlW43frAsPfr/LlSMc+cs6i/ukMVgA==",
      "requires": {
        "lodash": "^4.17.4"
      }
    }
  }
}
